// !$*UTF8*$!
{
	archiveVersion = 1;
	classes = {
	};
	objectVersion = 56;
	objects = {

/* Begin PBXBuildFile section */
		6E663AB02A050C3F00843F3D /* AppDelegate.swift in Sources */ = {isa = PBXBuildFile; fileRef = 6E663AAF2A050C3F00843F3D /* AppDelegate.swift */; };
		6E663ABA2A050C3F00843F3D /* schedule_app.xcdatamodeld in Sources */ = {isa = PBXBuildFile; fileRef = 6E663AB82A050C3F00843F3D /* schedule_app.xcdatamodeld */; };
		6E663ABC2A050C4800843F3D /* Assets.xcassets in Resources */ = {isa = PBXBuildFile; fileRef = 6E663ABB2A050C4800843F3D /* Assets.xcassets */; };
		6E663ABF2A050C4800843F3D /* LaunchScreen.storyboard in Resources */ = {isa = PBXBuildFile; fileRef = 6E663ABD2A050C4800843F3D /* LaunchScreen.storyboard */; };
		6E663AD22A05108F00843F3D /* DetailCoordinator.swift in Sources */ = {isa = PBXBuildFile; fileRef = 6E663AC72A05108E00843F3D /* DetailCoordinator.swift */; };
		6E663AD32A05108F00843F3D /* ProfileCoordinator.swift in Sources */ = {isa = PBXBuildFile; fileRef = 6E663AC82A05108E00843F3D /* ProfileCoordinator.swift */; };
		6E663AD52A05108F00843F3D /* TabBarCoordinator.swift in Sources */ = {isa = PBXBuildFile; fileRef = 6E663ACA2A05108E00843F3D /* TabBarCoordinator.swift */; };
		6E663AD62A05108F00843F3D /* StartCoordinator.swift in Sources */ = {isa = PBXBuildFile; fileRef = 6E663ACB2A05108E00843F3D /* StartCoordinator.swift */; };
		6E663AD92A05108F00843F3D /* HomeCoordinator.swift in Sources */ = {isa = PBXBuildFile; fileRef = 6E663ACE2A05108E00843F3D /* HomeCoordinator.swift */; };
		6E663ADA2A05108F00843F3D /* Coordnator.swift in Sources */ = {isa = PBXBuildFile; fileRef = 6E663ACF2A05108E00843F3D /* Coordnator.swift */; };
		6E663ADB2A05108F00843F3D /* MainCoordinator.swift in Sources */ = {isa = PBXBuildFile; fileRef = 6E663AD02A05108E00843F3D /* MainCoordinator.swift */; };
		6E663ADC2A05108F00843F3D /* ScheduleCoordinator.swift in Sources */ = {isa = PBXBuildFile; fileRef = 6E663AD12A05108E00843F3D /* ScheduleCoordinator.swift */; };
		6E663AE72A05110900843F3D /* ScheduleViewController.swift in Sources */ = {isa = PBXBuildFile; fileRef = 6E663AE52A05110900843F3D /* ScheduleViewController.swift */; };
		6E663AE82A05110900843F3D /* ScheduleViewController.xib in Resources */ = {isa = PBXBuildFile; fileRef = 6E663AE62A05110900843F3D /* ScheduleViewController.xib */; };
		6E663AEB2A05111B00843F3D /* ProfileViewController.swift in Sources */ = {isa = PBXBuildFile; fileRef = 6E663AE92A05111B00843F3D /* ProfileViewController.swift */; };
		6E663AEC2A05111B00843F3D /* ProfileViewController.xib in Resources */ = {isa = PBXBuildFile; fileRef = 6E663AEA2A05111B00843F3D /* ProfileViewController.xib */; };
		6E663AEF2A05112E00843F3D /* DetailViewController.swift in Sources */ = {isa = PBXBuildFile; fileRef = 6E663AED2A05112E00843F3D /* DetailViewController.swift */; };
		6E663AF02A05112E00843F3D /* DetailViewController.xib in Resources */ = {isa = PBXBuildFile; fileRef = 6E663AEE2A05112E00843F3D /* DetailViewController.xib */; };
		6E663AF42A05115D00843F3D /* TabBarModel.swift in Sources */ = {isa = PBXBuildFile; fileRef = 6E663AF22A05115D00843F3D /* TabBarModel.swift */; };
		6E663AF52A05115D00843F3D /* TabBarController.swift in Sources */ = {isa = PBXBuildFile; fileRef = 6E663AF32A05115D00843F3D /* TabBarController.swift */; };
		6E663AF92A05132400843F3D /* LogInViewController.swift in Sources */ = {isa = PBXBuildFile; fileRef = 6E663AF72A05132400843F3D /* LogInViewController.swift */; };
		6E663AFA2A05132400843F3D /* LogInViewController.xib in Resources */ = {isa = PBXBuildFile; fileRef = 6E663AF82A05132400843F3D /* LogInViewController.xib */; };
		6E663AFE2A05251B00843F3D /* MenuTableViewCell.swift in Sources */ = {isa = PBXBuildFile; fileRef = 6E663AFC2A05251B00843F3D /* MenuTableViewCell.swift */; };
		6E663AFF2A05251B00843F3D /* MenuTableViewCell.xib in Resources */ = {isa = PBXBuildFile; fileRef = 6E663AFD2A05251B00843F3D /* MenuTableViewCell.xib */; };
		6E663B022A05278F00843F3D /* MainViewController.swift in Sources */ = {isa = PBXBuildFile; fileRef = 6E663B002A05278F00843F3D /* MainViewController.swift */; };
		6E663B032A05278F00843F3D /* MainViewController.xib in Resources */ = {isa = PBXBuildFile; fileRef = 6E663B012A05278F00843F3D /* MainViewController.xib */; };
		6EB619C82A053CEF008A9023 /* CheckStudentsViewController.swift in Sources */ = {isa = PBXBuildFile; fileRef = 6EB619C62A053CEF008A9023 /* CheckStudentsViewController.swift */; };
		6EB619C92A053CEF008A9023 /* CheckStudentsViewController.xib in Resources */ = {isa = PBXBuildFile; fileRef = 6EB619C72A053CEF008A9023 /* CheckStudentsViewController.xib */; };
		6EB619CD2A053D14008A9023 /* CheckStudentTableViewCell.swift in Sources */ = {isa = PBXBuildFile; fileRef = 6EB619CB2A053D14008A9023 /* CheckStudentTableViewCell.swift */; };
		6EB619CE2A053D14008A9023 /* CheckStudentTableViewCell.xib in Resources */ = {isa = PBXBuildFile; fileRef = 6EB619CC2A053D14008A9023 /* CheckStudentTableViewCell.xib */; };
		6EB619D02A0542D3008A9023 /* NowClassCoordinator.swift in Sources */ = {isa = PBXBuildFile; fileRef = 6EB619CF2A0542D3008A9023 /* NowClassCoordinator.swift */; };
		6EB619D22A0543DF008A9023 /* CheckInCoordinator.swift in Sources */ = {isa = PBXBuildFile; fileRef = 6EB619D12A0543DF008A9023 /* CheckInCoordinator.swift */; };
		6EBB162A2A0656F200A59AF9 /* TodayClassesViewController.swift in Sources */ = {isa = PBXBuildFile; fileRef = 6EBB16282A0656F200A59AF9 /* TodayClassesViewController.swift */; };
		6EBB162B2A0656F200A59AF9 /* TodayClassesViewController.xib in Resources */ = {isa = PBXBuildFile; fileRef = 6EBB16292A0656F200A59AF9 /* TodayClassesViewController.xib */; };
		6EBB162F2A06571500A59AF9 /* ClassTableViewCell.swift in Sources */ = {isa = PBXBuildFile; fileRef = 6EBB162D2A06571500A59AF9 /* ClassTableViewCell.swift */; };
		6EBB16302A06571500A59AF9 /* ClassTableViewCell.xib in Resources */ = {isa = PBXBuildFile; fileRef = 6EBB162E2A06571500A59AF9 /* ClassTableViewCell.xib */; };
		6EBB16322A065DE800A59AF9 /* TodayAndTransferClassesCoordinator.swift in Sources */ = {isa = PBXBuildFile; fileRef = 6EBB16312A065DE800A59AF9 /* TodayAndTransferClassesCoordinator.swift */; };
		6EBB16382A066D9800A59AF9 /* TransferClassViewController.swift in Sources */ = {isa = PBXBuildFile; fileRef = 6EBB16362A066D9800A59AF9 /* TransferClassViewController.swift */; };
		6EBB16392A066D9800A59AF9 /* TransferClassViewController.xib in Resources */ = {isa = PBXBuildFile; fileRef = 6EBB16372A066D9800A59AF9 /* TransferClassViewController.xib */; };
		6EBB163D2A066DBA00A59AF9 /* ClassCollectionViewCell.swift in Sources */ = {isa = PBXBuildFile; fileRef = 6EBB163B2A066DBA00A59AF9 /* ClassCollectionViewCell.swift */; };
		6EBB163E2A066DBA00A59AF9 /* ClassCollectionViewCell.xib in Resources */ = {isa = PBXBuildFile; fileRef = 6EBB163C2A066DBA00A59AF9 /* ClassCollectionViewCell.xib */; };
		6EBB16402A0E7D4400A59AF9 /* TransferClassCoordinator.swift in Sources */ = {isa = PBXBuildFile; fileRef = 6EBB163F2A0E7D4400A59AF9 /* TransferClassCoordinator.swift */; };
		6EDD34772A05332900B99399 /* NowClassViewController.swift in Sources */ = {isa = PBXBuildFile; fileRef = 6EDD34752A05332900B99399 /* NowClassViewController.swift */; };
		6EDD34782A05332900B99399 /* NowClassViewController.xib in Resources */ = {isa = PBXBuildFile; fileRef = 6EDD34762A05332900B99399 /* NowClassViewController.xib */; };
		6EDEFAF62A0E8BD1008C0F76 /* ThisWeekViewController.swift in Sources */ = {isa = PBXBuildFile; fileRef = 6EDEFAF42A0E8BD1008C0F76 /* ThisWeekViewController.swift */; };
		6EDEFAF72A0E8BD1008C0F76 /* ThisWeekViewController.xib in Resources */ = {isa = PBXBuildFile; fileRef = 6EDEFAF52A0E8BD1008C0F76 /* ThisWeekViewController.xib */; };
		6EDEFAFB2A0E8C8C008C0F76 /* DayWeekTableViewCell.swift in Sources */ = {isa = PBXBuildFile; fileRef = 6EDEFAF92A0E8C8C008C0F76 /* DayWeekTableViewCell.swift */; };
		6EDEFAFC2A0E8C8C008C0F76 /* DayWeekTableViewCell.xib in Resources */ = {isa = PBXBuildFile; fileRef = 6EDEFAFA2A0E8C8C008C0F76 /* DayWeekTableViewCell.xib */; };
		6EDEFB042A0E8F1D008C0F76 /* InDayClassCollectionViewCell.swift in Sources */ = {isa = PBXBuildFile; fileRef = 6EDEFB022A0E8F1D008C0F76 /* InDayClassCollectionViewCell.swift */; };
		6EDEFB052A0E8F1D008C0F76 /* InDayClassCollectionViewCell.xib in Resources */ = {isa = PBXBuildFile; fileRef = 6EDEFB032A0E8F1D008C0F76 /* InDayClassCollectionViewCell.xib */; };
		6EDEFB072A0E98FB008C0F76 /* ThisWeekCoordinator.swift in Sources */ = {isa = PBXBuildFile; fileRef = 6EDEFB062A0E98FB008C0F76 /* ThisWeekCoordinator.swift */; };
/* End PBXBuildFile section */

/* Begin PBXFileReference section */
		6E663AAC2A050C3F00843F3D /* schedule_app.app */ = {isa = PBXFileReference; explicitFileType = wrapper.application; includeInIndex = 0; path = schedule_app.app; sourceTree = BUILT_PRODUCTS_DIR; };
		6E663AAF2A050C3F00843F3D /* AppDelegate.swift */ = {isa = PBXFileReference; lastKnownFileType = sourcecode.swift; path = AppDelegate.swift; sourceTree = "<group>"; };
		6E663AB92A050C3F00843F3D /* schedule_app.xcdatamodel */ = {isa = PBXFileReference; lastKnownFileType = wrapper.xcdatamodel; path = schedule_app.xcdatamodel; sourceTree = "<group>"; };
		6E663ABB2A050C4800843F3D /* Assets.xcassets */ = {isa = PBXFileReference; lastKnownFileType = folder.assetcatalog; path = Assets.xcassets; sourceTree = "<group>"; };
		6E663ABE2A050C4800843F3D /* Base */ = {isa = PBXFileReference; lastKnownFileType = file.storyboard; name = Base; path = Base.lproj/LaunchScreen.storyboard; sourceTree = "<group>"; };
		6E663AC02A050C4800843F3D /* Info.plist */ = {isa = PBXFileReference; lastKnownFileType = text.plist.xml; path = Info.plist; sourceTree = "<group>"; };
		6E663AC72A05108E00843F3D /* DetailCoordinator.swift */ = {isa = PBXFileReference; fileEncoding = 4; lastKnownFileType = sourcecode.swift; path = DetailCoordinator.swift; sourceTree = "<group>"; };
		6E663AC82A05108E00843F3D /* ProfileCoordinator.swift */ = {isa = PBXFileReference; fileEncoding = 4; lastKnownFileType = sourcecode.swift; path = ProfileCoordinator.swift; sourceTree = "<group>"; };
		6E663ACA2A05108E00843F3D /* TabBarCoordinator.swift */ = {isa = PBXFileReference; fileEncoding = 4; lastKnownFileType = sourcecode.swift; path = TabBarCoordinator.swift; sourceTree = "<group>"; };
		6E663ACB2A05108E00843F3D /* StartCoordinator.swift */ = {isa = PBXFileReference; fileEncoding = 4; lastKnownFileType = sourcecode.swift; path = StartCoordinator.swift; sourceTree = "<group>"; };
		6E663ACE2A05108E00843F3D /* HomeCoordinator.swift */ = {isa = PBXFileReference; fileEncoding = 4; lastKnownFileType = sourcecode.swift; path = HomeCoordinator.swift; sourceTree = "<group>"; };
		6E663ACF2A05108E00843F3D /* Coordnator.swift */ = {isa = PBXFileReference; fileEncoding = 4; lastKnownFileType = sourcecode.swift; path = Coordnator.swift; sourceTree = "<group>"; };
		6E663AD02A05108E00843F3D /* MainCoordinator.swift */ = {isa = PBXFileReference; fileEncoding = 4; lastKnownFileType = sourcecode.swift; path = MainCoordinator.swift; sourceTree = "<group>"; };
		6E663AD12A05108E00843F3D /* ScheduleCoordinator.swift */ = {isa = PBXFileReference; fileEncoding = 4; lastKnownFileType = sourcecode.swift; path = ScheduleCoordinator.swift; sourceTree = "<group>"; };
		6E663AE52A05110900843F3D /* ScheduleViewController.swift */ = {isa = PBXFileReference; lastKnownFileType = sourcecode.swift; path = ScheduleViewController.swift; sourceTree = "<group>"; };
		6E663AE62A05110900843F3D /* ScheduleViewController.xib */ = {isa = PBXFileReference; lastKnownFileType = file.xib; path = ScheduleViewController.xib; sourceTree = "<group>"; };
		6E663AE92A05111B00843F3D /* ProfileViewController.swift */ = {isa = PBXFileReference; lastKnownFileType = sourcecode.swift; path = ProfileViewController.swift; sourceTree = "<group>"; };
		6E663AEA2A05111B00843F3D /* ProfileViewController.xib */ = {isa = PBXFileReference; lastKnownFileType = file.xib; path = ProfileViewController.xib; sourceTree = "<group>"; };
		6E663AED2A05112E00843F3D /* DetailViewController.swift */ = {isa = PBXFileReference; lastKnownFileType = sourcecode.swift; path = DetailViewController.swift; sourceTree = "<group>"; };
		6E663AEE2A05112E00843F3D /* DetailViewController.xib */ = {isa = PBXFileReference; lastKnownFileType = file.xib; path = DetailViewController.xib; sourceTree = "<group>"; };
		6E663AF22A05115D00843F3D /* TabBarModel.swift */ = {isa = PBXFileReference; fileEncoding = 4; lastKnownFileType = sourcecode.swift; path = TabBarModel.swift; sourceTree = "<group>"; };
		6E663AF32A05115D00843F3D /* TabBarController.swift */ = {isa = PBXFileReference; fileEncoding = 4; lastKnownFileType = sourcecode.swift; path = TabBarController.swift; sourceTree = "<group>"; };
		6E663AF72A05132400843F3D /* LogInViewController.swift */ = {isa = PBXFileReference; lastKnownFileType = sourcecode.swift; path = LogInViewController.swift; sourceTree = "<group>"; };
		6E663AF82A05132400843F3D /* LogInViewController.xib */ = {isa = PBXFileReference; lastKnownFileType = file.xib; path = LogInViewController.xib; sourceTree = "<group>"; };
		6E663AFC2A05251B00843F3D /* MenuTableViewCell.swift */ = {isa = PBXFileReference; lastKnownFileType = sourcecode.swift; path = MenuTableViewCell.swift; sourceTree = "<group>"; };
		6E663AFD2A05251B00843F3D /* MenuTableViewCell.xib */ = {isa = PBXFileReference; lastKnownFileType = file.xib; path = MenuTableViewCell.xib; sourceTree = "<group>"; };
		6E663B002A05278F00843F3D /* MainViewController.swift */ = {isa = PBXFileReference; lastKnownFileType = sourcecode.swift; path = MainViewController.swift; sourceTree = "<group>"; };
		6E663B012A05278F00843F3D /* MainViewController.xib */ = {isa = PBXFileReference; lastKnownFileType = file.xib; path = MainViewController.xib; sourceTree = "<group>"; };
		6EB619C62A053CEF008A9023 /* CheckStudentsViewController.swift */ = {isa = PBXFileReference; lastKnownFileType = sourcecode.swift; path = CheckStudentsViewController.swift; sourceTree = "<group>"; };
		6EB619C72A053CEF008A9023 /* CheckStudentsViewController.xib */ = {isa = PBXFileReference; lastKnownFileType = file.xib; path = CheckStudentsViewController.xib; sourceTree = "<group>"; };
		6EB619CB2A053D14008A9023 /* CheckStudentTableViewCell.swift */ = {isa = PBXFileReference; lastKnownFileType = sourcecode.swift; path = CheckStudentTableViewCell.swift; sourceTree = "<group>"; };
		6EB619CC2A053D14008A9023 /* CheckStudentTableViewCell.xib */ = {isa = PBXFileReference; lastKnownFileType = file.xib; path = CheckStudentTableViewCell.xib; sourceTree = "<group>"; };
		6EB619CF2A0542D3008A9023 /* NowClassCoordinator.swift */ = {isa = PBXFileReference; lastKnownFileType = sourcecode.swift; path = NowClassCoordinator.swift; sourceTree = "<group>"; };
		6EB619D12A0543DF008A9023 /* CheckInCoordinator.swift */ = {isa = PBXFileReference; lastKnownFileType = sourcecode.swift; path = CheckInCoordinator.swift; sourceTree = "<group>"; };
		6EBB16282A0656F200A59AF9 /* TodayClassesViewController.swift */ = {isa = PBXFileReference; lastKnownFileType = sourcecode.swift; path = TodayClassesViewController.swift; sourceTree = "<group>"; };
		6EBB16292A0656F200A59AF9 /* TodayClassesViewController.xib */ = {isa = PBXFileReference; lastKnownFileType = file.xib; path = TodayClassesViewController.xib; sourceTree = "<group>"; };
		6EBB162D2A06571500A59AF9 /* ClassTableViewCell.swift */ = {isa = PBXFileReference; lastKnownFileType = sourcecode.swift; path = ClassTableViewCell.swift; sourceTree = "<group>"; };
		6EBB162E2A06571500A59AF9 /* ClassTableViewCell.xib */ = {isa = PBXFileReference; lastKnownFileType = file.xib; path = ClassTableViewCell.xib; sourceTree = "<group>"; };
		6EBB16312A065DE800A59AF9 /* TodayAndTransferClassesCoordinator.swift */ = {isa = PBXFileReference; lastKnownFileType = sourcecode.swift; path = TodayAndTransferClassesCoordinator.swift; sourceTree = "<group>"; };
		6EBB16362A066D9800A59AF9 /* TransferClassViewController.swift */ = {isa = PBXFileReference; lastKnownFileType = sourcecode.swift; path = TransferClassViewController.swift; sourceTree = "<group>"; };
		6EBB16372A066D9800A59AF9 /* TransferClassViewController.xib */ = {isa = PBXFileReference; lastKnownFileType = file.xib; path = TransferClassViewController.xib; sourceTree = "<group>"; };
		6EBB163B2A066DBA00A59AF9 /* ClassCollectionViewCell.swift */ = {isa = PBXFileReference; lastKnownFileType = sourcecode.swift; path = ClassCollectionViewCell.swift; sourceTree = "<group>"; };
		6EBB163C2A066DBA00A59AF9 /* ClassCollectionViewCell.xib */ = {isa = PBXFileReference; lastKnownFileType = file.xib; path = ClassCollectionViewCell.xib; sourceTree = "<group>"; };
		6EBB163F2A0E7D4400A59AF9 /* TransferClassCoordinator.swift */ = {isa = PBXFileReference; lastKnownFileType = sourcecode.swift; path = TransferClassCoordinator.swift; sourceTree = "<group>"; };
		6EDD34752A05332900B99399 /* NowClassViewController.swift */ = {isa = PBXFileReference; lastKnownFileType = sourcecode.swift; path = NowClassViewController.swift; sourceTree = "<group>"; };
		6EDD34762A05332900B99399 /* NowClassViewController.xib */ = {isa = PBXFileReference; lastKnownFileType = file.xib; path = NowClassViewController.xib; sourceTree = "<group>"; };
		6EDEFAF42A0E8BD1008C0F76 /* ThisWeekViewController.swift */ = {isa = PBXFileReference; lastKnownFileType = sourcecode.swift; path = ThisWeekViewController.swift; sourceTree = "<group>"; };
		6EDEFAF52A0E8BD1008C0F76 /* ThisWeekViewController.xib */ = {isa = PBXFileReference; lastKnownFileType = file.xib; path = ThisWeekViewController.xib; sourceTree = "<group>"; };
		6EDEFAF92A0E8C8C008C0F76 /* DayWeekTableViewCell.swift */ = {isa = PBXFileReference; lastKnownFileType = sourcecode.swift; path = DayWeekTableViewCell.swift; sourceTree = "<group>"; };
		6EDEFAFA2A0E8C8C008C0F76 /* DayWeekTableViewCell.xib */ = {isa = PBXFileReference; lastKnownFileType = file.xib; path = DayWeekTableViewCell.xib; sourceTree = "<group>"; };
		6EDEFB022A0E8F1D008C0F76 /* InDayClassCollectionViewCell.swift */ = {isa = PBXFileReference; lastKnownFileType = sourcecode.swift; path = InDayClassCollectionViewCell.swift; sourceTree = "<group>"; };
		6EDEFB032A0E8F1D008C0F76 /* InDayClassCollectionViewCell.xib */ = {isa = PBXFileReference; lastKnownFileType = file.xib; path = InDayClassCollectionViewCell.xib; sourceTree = "<group>"; };
		6EDEFB062A0E98FB008C0F76 /* ThisWeekCoordinator.swift */ = {isa = PBXFileReference; lastKnownFileType = sourcecode.swift; path = ThisWeekCoordinator.swift; sourceTree = "<group>"; };
/* End PBXFileReference section */

/* Begin PBXFrameworksBuildPhase section */
		6E663AA92A050C3F00843F3D /* Frameworks */ = {
			isa = PBXFrameworksBuildPhase;
			buildActionMask = 2147483647;
			files = (
			);
			runOnlyForDeploymentPostprocessing = 0;
		};
/* End PBXFrameworksBuildPhase section */

/* Begin PBXGroup section */
		6E663AA32A050C3F00843F3D = {
			isa = PBXGroup;
			children = (
				6E663AAE2A050C3F00843F3D /* schedule_app */,
				6E663AAD2A050C3F00843F3D /* Products */,
			);
			sourceTree = "<group>";
		};
		6E663AAD2A050C3F00843F3D /* Products */ = {
			isa = PBXGroup;
			children = (
				6E663AAC2A050C3F00843F3D /* schedule_app.app */,
			);
			name = Products;
			sourceTree = "<group>";
		};
		6E663AAE2A050C3F00843F3D /* schedule_app */ = {
			isa = PBXGroup;
			children = (
				6EBB16352A066D7500A59AF9 /* TransferClassModule */,
				6EBB16262A0656AE00A59AF9 /* ClassesModule */,
				6E663AF62A0512BE00843F3D /* AutorizationModule */,
				6E663AF12A05115D00843F3D /* TabBar */,
				6E663AE02A0510CF00843F3D /* DetailModule */,
				6E663ADF2A0510C200843F3D /* ProfileModule */,
				6E663ADE2A0510B400843F3D /* ScheduleModule */,
				6E663ADD2A0510A700843F3D /* MainModule */,
				6E663AC62A05108E00843F3D /* Coordinator */,
				6E663AAF2A050C3F00843F3D /* AppDelegate.swift */,
				6E663ABB2A050C4800843F3D /* Assets.xcassets */,
				6E663ABD2A050C4800843F3D /* LaunchScreen.storyboard */,
				6E663AC02A050C4800843F3D /* Info.plist */,
				6E663AB82A050C3F00843F3D /* schedule_app.xcdatamodeld */,
			);
			path = schedule_app;
			sourceTree = "<group>";
		};
		6E663AC62A05108E00843F3D /* Coordinator */ = {
			isa = PBXGroup;
			children = (
				6E663AC82A05108E00843F3D /* ProfileCoordinator.swift */,
				6E663ACA2A05108E00843F3D /* TabBarCoordinator.swift */,
				6E663AC72A05108E00843F3D /* DetailCoordinator.swift */,
				6E663ACB2A05108E00843F3D /* StartCoordinator.swift */,
				6E663ACE2A05108E00843F3D /* HomeCoordinator.swift */,
				6E663ACF2A05108E00843F3D /* Coordnator.swift */,
				6E663AD02A05108E00843F3D /* MainCoordinator.swift */,
				6E663AD12A05108E00843F3D /* ScheduleCoordinator.swift */,
				6EB619CF2A0542D3008A9023 /* NowClassCoordinator.swift */,
				6EB619D12A0543DF008A9023 /* CheckInCoordinator.swift */,
				6EBB16312A065DE800A59AF9 /* TodayAndTransferClassesCoordinator.swift */,
				6EBB163F2A0E7D4400A59AF9 /* TransferClassCoordinator.swift */,
				6EDEFB062A0E98FB008C0F76 /* ThisWeekCoordinator.swift */,
			);
			path = Coordinator;
			sourceTree = "<group>";
		};
		6E663ADD2A0510A700843F3D /* MainModule */ = {
			isa = PBXGroup;
			children = (
				6E663AFB2A0524F500843F3D /* TableViewCell */,
				6E663B002A05278F00843F3D /* MainViewController.swift */,
				6E663B012A05278F00843F3D /* MainViewController.xib */,
			);
			path = MainModule;
			sourceTree = "<group>";
		};
		6E663ADE2A0510B400843F3D /* ScheduleModule */ = {
			isa = PBXGroup;
			children = (
				6E663AE52A05110900843F3D /* ScheduleViewController.swift */,
				6E663AE62A05110900843F3D /* ScheduleViewController.xib */,
			);
			path = ScheduleModule;
			sourceTree = "<group>";
		};
		6E663ADF2A0510C200843F3D /* ProfileModule */ = {
			isa = PBXGroup;
			children = (
				6E663AE92A05111B00843F3D /* ProfileViewController.swift */,
				6E663AEA2A05111B00843F3D /* ProfileViewController.xib */,
			);
			path = ProfileModule;
			sourceTree = "<group>";
		};
		6E663AE02A0510CF00843F3D /* DetailModule */ = {
			isa = PBXGroup;
			children = (
				6E663AED2A05112E00843F3D /* DetailViewController.swift */,
				6E663AEE2A05112E00843F3D /* DetailViewController.xib */,
			);
			path = DetailModule;
			sourceTree = "<group>";
		};
		6E663AF12A05115D00843F3D /* TabBar */ = {
			isa = PBXGroup;
			children = (
				6E663AF22A05115D00843F3D /* TabBarModel.swift */,
				6E663AF32A05115D00843F3D /* TabBarController.swift */,
			);
			path = TabBar;
			sourceTree = "<group>";
		};
		6E663AF62A0512BE00843F3D /* AutorizationModule */ = {
			isa = PBXGroup;
			children = (
				6E663AF72A05132400843F3D /* LogInViewController.swift */,
				6E663AF82A05132400843F3D /* LogInViewController.xib */,
			);
			path = AutorizationModule;
			sourceTree = "<group>";
		};
		6E663AFB2A0524F500843F3D /* TableViewCell */ = {
			isa = PBXGroup;
			children = (
				6E663AFC2A05251B00843F3D /* MenuTableViewCell.swift */,
				6E663AFD2A05251B00843F3D /* MenuTableViewCell.xib */,
			);
			path = TableViewCell;
			sourceTree = "<group>";
		};
		6EB619C12A053C9A008A9023 /* CheckStudentsModule */ = {
			isa = PBXGroup;
			children = (
				6EB619CA2A053CF8008A9023 /* CheckStudentCell */,
				6EB619C62A053CEF008A9023 /* CheckStudentsViewController.swift */,
				6EB619C72A053CEF008A9023 /* CheckStudentsViewController.xib */,
			);
			path = CheckStudentsModule;
			sourceTree = "<group>";
		};
		6EB619CA2A053CF8008A9023 /* CheckStudentCell */ = {
			isa = PBXGroup;
			children = (
				6EB619CB2A053D14008A9023 /* CheckStudentTableViewCell.swift */,
				6EB619CC2A053D14008A9023 /* CheckStudentTableViewCell.xib */,
			);
			path = CheckStudentCell;
			sourceTree = "<group>";
		};
		6EBB16262A0656AE00A59AF9 /* ClassesModule */ = {
			isa = PBXGroup;
			children = (
				6EDEFAF32A0E8B9E008C0F76 /* ThisWeekModule */,
				6EBB16272A0656CB00A59AF9 /* TodayAndTransferModule */,
				6EDD34722A05328900B99399 /* StudentModule */,
				6EDD34732A05329700B99399 /* TeacherModule */,
			);
			path = ClassesModule;
			sourceTree = "<group>";
		};
		6EBB16272A0656CB00A59AF9 /* TodayAndTransferModule */ = {
			isa = PBXGroup;
			children = (
				6EBB162C2A0656F900A59AF9 /* ClassCell */,
				6EBB16282A0656F200A59AF9 /* TodayClassesViewController.swift */,
				6EBB16292A0656F200A59AF9 /* TodayClassesViewController.xib */,
			);
			path = TodayAndTransferModule;
			sourceTree = "<group>";
		};
		6EBB162C2A0656F900A59AF9 /* ClassCell */ = {
			isa = PBXGroup;
			children = (
				6EBB162D2A06571500A59AF9 /* ClassTableViewCell.swift */,
				6EBB162E2A06571500A59AF9 /* ClassTableViewCell.xib */,
			);
			path = ClassCell;
			sourceTree = "<group>";
		};
		6EBB16352A066D7500A59AF9 /* TransferClassModule */ = {
			isa = PBXGroup;
			children = (
				6EBB163A2A066D9D00A59AF9 /* ClassCell */,
				6EBB16362A066D9800A59AF9 /* TransferClassViewController.swift */,
				6EBB16372A066D9800A59AF9 /* TransferClassViewController.xib */,
			);
			path = TransferClassModule;
			sourceTree = "<group>";
		};
		6EBB163A2A066D9D00A59AF9 /* ClassCell */ = {
			isa = PBXGroup;
			children = (
				6EBB163B2A066DBA00A59AF9 /* ClassCollectionViewCell.swift */,
				6EBB163C2A066DBA00A59AF9 /* ClassCollectionViewCell.xib */,
			);
			path = ClassCell;
			sourceTree = "<group>";
		};
		6EDD34722A05328900B99399 /* StudentModule */ = {
			isa = PBXGroup;
			children = (
			);
			path = StudentModule;
			sourceTree = "<group>";
		};
		6EDD34732A05329700B99399 /* TeacherModule */ = {
			isa = PBXGroup;
			children = (
				6EB619C12A053C9A008A9023 /* CheckStudentsModule */,
				6EDD34742A0532C400B99399 /* NowClassModule */,
			);
			path = TeacherModule;
			sourceTree = "<group>";
		};
		6EDD34742A0532C400B99399 /* NowClassModule */ = {
			isa = PBXGroup;
			children = (
				6EDD34752A05332900B99399 /* NowClassViewController.swift */,
				6EDD34762A05332900B99399 /* NowClassViewController.xib */,
			);
			path = NowClassModule;
			sourceTree = "<group>";
		};
		6EDEFAF32A0E8B9E008C0F76 /* ThisWeekModule */ = {
			isa = PBXGroup;
			children = (
				6EDEFAF82A0E8C64008C0F76 /* DayWeekTableCell */,
				6EDEFAF42A0E8BD1008C0F76 /* ThisWeekViewController.swift */,
				6EDEFAF52A0E8BD1008C0F76 /* ThisWeekViewController.xib */,
			);
			path = ThisWeekModule;
			sourceTree = "<group>";
		};
		6EDEFAF82A0E8C64008C0F76 /* DayWeekTableCell */ = {
			isa = PBXGroup;
			children = (
				6EDEFAFD2A0E8C98008C0F76 /* ClassCollectionCell */,
				6EDEFAF92A0E8C8C008C0F76 /* DayWeekTableViewCell.swift */,
				6EDEFAFA2A0E8C8C008C0F76 /* DayWeekTableViewCell.xib */,
			);
			path = DayWeekTableCell;
			sourceTree = "<group>";
		};
		6EDEFAFD2A0E8C98008C0F76 /* ClassCollectionCell */ = {
			isa = PBXGroup;
			children = (
				6EDEFB022A0E8F1D008C0F76 /* InDayClassCollectionViewCell.swift */,
				6EDEFB032A0E8F1D008C0F76 /* InDayClassCollectionViewCell.xib */,
			);
			path = ClassCollectionCell;
			sourceTree = "<group>";
		};
/* End PBXGroup section */

/* Begin PBXNativeTarget section */
		6E663AAB2A050C3F00843F3D /* schedule_app */ = {
			isa = PBXNativeTarget;
			buildConfigurationList = 6E663AC32A050C4800843F3D /* Build configuration list for PBXNativeTarget "schedule_app" */;
			buildPhases = (
				6E663AA82A050C3F00843F3D /* Sources */,
				6E663AA92A050C3F00843F3D /* Frameworks */,
				6E663AAA2A050C3F00843F3D /* Resources */,
			);
			buildRules = (
			);
			dependencies = (
			);
			name = schedule_app;
			productName = schedule_app;
			productReference = 6E663AAC2A050C3F00843F3D /* schedule_app.app */;
			productType = "com.apple.product-type.application";
		};
/* End PBXNativeTarget section */

/* Begin PBXProject section */
		6E663AA42A050C3F00843F3D /* Project object */ = {
			isa = PBXProject;
			attributes = {
				BuildIndependentTargetsInParallel = 1;
				LastSwiftUpdateCheck = 1410;
				LastUpgradeCheck = 1410;
				TargetAttributes = {
					6E663AAB2A050C3F00843F3D = {
						CreatedOnToolsVersion = 14.1;
					};
				};
			};
			buildConfigurationList = 6E663AA72A050C3F00843F3D /* Build configuration list for PBXProject "schedule_app" */;
			compatibilityVersion = "Xcode 14.0";
			developmentRegion = en;
			hasScannedForEncodings = 0;
			knownRegions = (
				en,
				Base,
			);
			mainGroup = 6E663AA32A050C3F00843F3D;
			productRefGroup = 6E663AAD2A050C3F00843F3D /* Products */;
			projectDirPath = "";
			projectRoot = "";
			targets = (
				6E663AAB2A050C3F00843F3D /* schedule_app */,
			);
		};
/* End PBXProject section */

/* Begin PBXResourcesBuildPhase section */
		6E663AAA2A050C3F00843F3D /* Resources */ = {
			isa = PBXResourcesBuildPhase;
			buildActionMask = 2147483647;
			files = (
				6E663ABF2A050C4800843F3D /* LaunchScreen.storyboard in Resources */,
				6E663AF02A05112E00843F3D /* DetailViewController.xib in Resources */,
				6EBB16392A066D9800A59AF9 /* TransferClassViewController.xib in Resources */,
				6E663ABC2A050C4800843F3D /* Assets.xcassets in Resources */,
				6EDEFB052A0E8F1D008C0F76 /* InDayClassCollectionViewCell.xib in Resources */,
				6EB619C92A053CEF008A9023 /* CheckStudentsViewController.xib in Resources */,
				6EDEFAFC2A0E8C8C008C0F76 /* DayWeekTableViewCell.xib in Resources */,
				6E663B032A05278F00843F3D /* MainViewController.xib in Resources */,
				6EBB163E2A066DBA00A59AF9 /* ClassCollectionViewCell.xib in Resources */,
				6E663AEC2A05111B00843F3D /* ProfileViewController.xib in Resources */,
				6E663AE82A05110900843F3D /* ScheduleViewController.xib in Resources */,
				6EDD34782A05332900B99399 /* NowClassViewController.xib in Resources */,
				6EBB16302A06571500A59AF9 /* ClassTableViewCell.xib in Resources */,
				6EB619CE2A053D14008A9023 /* CheckStudentTableViewCell.xib in Resources */,
				6EBB162B2A0656F200A59AF9 /* TodayClassesViewController.xib in Resources */,
				6E663AFF2A05251B00843F3D /* MenuTableViewCell.xib in Resources */,
				6EDEFAF72A0E8BD1008C0F76 /* ThisWeekViewController.xib in Resources */,
				6E663AFA2A05132400843F3D /* LogInViewController.xib in Resources */,
			);
			runOnlyForDeploymentPostprocessing = 0;
		};
/* End PBXResourcesBuildPhase section */

/* Begin PBXSourcesBuildPhase section */
		6E663AA82A050C3F00843F3D /* Sources */ = {
			isa = PBXSourcesBuildPhase;
			buildActionMask = 2147483647;
			files = (
				6EB619D02A0542D3008A9023 /* NowClassCoordinator.swift in Sources */,
				6E663AE72A05110900843F3D /* ScheduleViewController.swift in Sources */,
				6E663AEF2A05112E00843F3D /* DetailViewController.swift in Sources */,
				6E663AF92A05132400843F3D /* LogInViewController.swift in Sources */,
				6EDEFAF62A0E8BD1008C0F76 /* ThisWeekViewController.swift in Sources */,
				6EB619D22A0543DF008A9023 /* CheckInCoordinator.swift in Sources */,
				6E663AD32A05108F00843F3D /* ProfileCoordinator.swift in Sources */,
				6E663ADB2A05108F00843F3D /* MainCoordinator.swift in Sources */,
				6E663AD22A05108F00843F3D /* DetailCoordinator.swift in Sources */,
				6E663ADA2A05108F00843F3D /* Coordnator.swift in Sources */,
				6E663AD52A05108F00843F3D /* TabBarCoordinator.swift in Sources */,
				6EDEFB042A0E8F1D008C0F76 /* InDayClassCollectionViewCell.swift in Sources */,
				6E663AEB2A05111B00843F3D /* ProfileViewController.swift in Sources */,
				6E663AF42A05115D00843F3D /* TabBarModel.swift in Sources */,
				6EDD34772A05332900B99399 /* NowClassViewController.swift in Sources */,
				6E663AF52A05115D00843F3D /* TabBarController.swift in Sources */,
				6E663AB02A050C3F00843F3D /* AppDelegate.swift in Sources */,
				6EDEFAFB2A0E8C8C008C0F76 /* DayWeekTableViewCell.swift in Sources */,
				6EB619CD2A053D14008A9023 /* CheckStudentTableViewCell.swift in Sources */,
				6EBB16322A065DE800A59AF9 /* TodayAndTransferClassesCoordinator.swift in Sources */,
				6EB619C82A053CEF008A9023 /* CheckStudentsViewController.swift in Sources */,
				6E663AD62A05108F00843F3D /* StartCoordinator.swift in Sources */,
				6EBB162A2A0656F200A59AF9 /* TodayClassesViewController.swift in Sources */,
				6EDEFB072A0E98FB008C0F76 /* ThisWeekCoordinator.swift in Sources */,
				6EBB16402A0E7D4400A59AF9 /* TransferClassCoordinator.swift in Sources */,
				6E663AFE2A05251B00843F3D /* MenuTableViewCell.swift in Sources */,
				6EBB163D2A066DBA00A59AF9 /* ClassCollectionViewCell.swift in Sources */,
				6E663AD92A05108F00843F3D /* HomeCoordinator.swift in Sources */,
				6EBB16382A066D9800A59AF9 /* TransferClassViewController.swift in Sources */,
				6E663B022A05278F00843F3D /* MainViewController.swift in Sources */,
				6E663ABA2A050C3F00843F3D /* schedule_app.xcdatamodeld in Sources */,
				6EBB162F2A06571500A59AF9 /* ClassTableViewCell.swift in Sources */,
				6E663ADC2A05108F00843F3D /* ScheduleCoordinator.swift in Sources */,
			);
			runOnlyForDeploymentPostprocessing = 0;
		};
/* End PBXSourcesBuildPhase section */

/* Begin PBXVariantGroup section */
		6E663ABD2A050C4800843F3D /* LaunchScreen.storyboard */ = {
			isa = PBXVariantGroup;
			children = (
				6E663ABE2A050C4800843F3D /* Base */,
			);
			name = LaunchScreen.storyboard;
			sourceTree = "<group>";
		};
/* End PBXVariantGroup section */

/* Begin XCBuildConfiguration section */
		6E663AC12A050C4800843F3D /* Debug */ = {
			isa = XCBuildConfiguration;
			buildSettings = {
				ALWAYS_SEARCH_USER_PATHS = NO;
				CLANG_ANALYZER_NONNULL = YES;
				CLANG_ANALYZER_NUMBER_OBJECT_CONVERSION = YES_AGGRESSIVE;
				CLANG_CXX_LANGUAGE_STANDARD = "gnu++20";
				CLANG_ENABLE_MODULES = YES;
				CLANG_ENABLE_OBJC_ARC = YES;
				CLANG_ENABLE_OBJC_WEAK = YES;
				CLANG_WARN_BLOCK_CAPTURE_AUTORELEASING = YES;
				CLANG_WARN_BOOL_CONVERSION = YES;
				CLANG_WARN_COMMA = YES;
				CLANG_WARN_CONSTANT_CONVERSION = YES;
				CLANG_WARN_DEPRECATED_OBJC_IMPLEMENTATIONS = YES;
				CLANG_WARN_DIRECT_OBJC_ISA_USAGE = YES_ERROR;
				CLANG_WARN_DOCUMENTATION_COMMENTS = YES;
				CLANG_WARN_EMPTY_BODY = YES;
				CLANG_WARN_ENUM_CONVERSION = YES;
				CLANG_WARN_INFINITE_RECURSION = YES;
				CLANG_WARN_INT_CONVERSION = YES;
				CLANG_WARN_NON_LITERAL_NULL_CONVERSION = YES;
				CLANG_WARN_OBJC_IMPLICIT_RETAIN_SELF = YES;
				CLANG_WARN_OBJC_LITERAL_CONVERSION = YES;
				CLANG_WARN_OBJC_ROOT_CLASS = YES_ERROR;
				CLANG_WARN_QUOTED_INCLUDE_IN_FRAMEWORK_HEADER = YES;
				CLANG_WARN_RANGE_LOOP_ANALYSIS = YES;
				CLANG_WARN_STRICT_PROTOTYPES = YES;
				CLANG_WARN_SUSPICIOUS_MOVE = YES;
				CLANG_WARN_UNGUARDED_AVAILABILITY = YES_AGGRESSIVE;
				CLANG_WARN_UNREACHABLE_CODE = YES;
				CLANG_WARN__DUPLICATE_METHOD_MATCH = YES;
				COPY_PHASE_STRIP = NO;
				DEBUG_INFORMATION_FORMAT = dwarf;
				ENABLE_STRICT_OBJC_MSGSEND = YES;
				ENABLE_TESTABILITY = YES;
				GCC_C_LANGUAGE_STANDARD = gnu11;
				GCC_DYNAMIC_NO_PIC = NO;
				GCC_NO_COMMON_BLOCKS = YES;
				GCC_OPTIMIZATION_LEVEL = 0;
				GCC_PREPROCESSOR_DEFINITIONS = (
					"DEBUG=1",
					"$(inherited)",
				);
				GCC_WARN_64_TO_32_BIT_CONVERSION = YES;
				GCC_WARN_ABOUT_RETURN_TYPE = YES_ERROR;
				GCC_WARN_UNDECLARED_SELECTOR = YES;
				GCC_WARN_UNINITIALIZED_AUTOS = YES_AGGRESSIVE;
				GCC_WARN_UNUSED_FUNCTION = YES;
				GCC_WARN_UNUSED_VARIABLE = YES;
				IPHONEOS_DEPLOYMENT_TARGET = 16.1;
				MTL_ENABLE_DEBUG_INFO = INCLUDE_SOURCE;
				MTL_FAST_MATH = YES;
				ONLY_ACTIVE_ARCH = YES;
				SDKROOT = iphoneos;
				SWIFT_ACTIVE_COMPILATION_CONDITIONS = DEBUG;
				SWIFT_OPTIMIZATION_LEVEL = "-Onone";
			};
			name = Debug;
		};
		6E663AC22A050C4800843F3D /* Release */ = {
			isa = XCBuildConfiguration;
			buildSettings = {
				ALWAYS_SEARCH_USER_PATHS = NO;
				CLANG_ANALYZER_NONNULL = YES;
				CLANG_ANALYZER_NUMBER_OBJECT_CONVERSION = YES_AGGRESSIVE;
				CLANG_CXX_LANGUAGE_STANDARD = "gnu++20";
				CLANG_ENABLE_MODULES = YES;
				CLANG_ENABLE_OBJC_ARC = YES;
				CLANG_ENABLE_OBJC_WEAK = YES;
				CLANG_WARN_BLOCK_CAPTURE_AUTORELEASING = YES;
				CLANG_WARN_BOOL_CONVERSION = YES;
				CLANG_WARN_COMMA = YES;
				CLANG_WARN_CONSTANT_CONVERSION = YES;
				CLANG_WARN_DEPRECATED_OBJC_IMPLEMENTATIONS = YES;
				CLANG_WARN_DIRECT_OBJC_ISA_USAGE = YES_ERROR;
				CLANG_WARN_DOCUMENTATION_COMMENTS = YES;
				CLANG_WARN_EMPTY_BODY = YES;
				CLANG_WARN_ENUM_CONVERSION = YES;
				CLANG_WARN_INFINITE_RECURSION = YES;
				CLANG_WARN_INT_CONVERSION = YES;
				CLANG_WARN_NON_LITERAL_NULL_CONVERSION = YES;
				CLANG_WARN_OBJC_IMPLICIT_RETAIN_SELF = YES;
				CLANG_WARN_OBJC_LITERAL_CONVERSION = YES;
				CLANG_WARN_OBJC_ROOT_CLASS = YES_ERROR;
				CLANG_WARN_QUOTED_INCLUDE_IN_FRAMEWORK_HEADER = YES;
				CLANG_WARN_RANGE_LOOP_ANALYSIS = YES;
				CLANG_WARN_STRICT_PROTOTYPES = YES;
				CLANG_WARN_SUSPICIOUS_MOVE = YES;
				CLANG_WARN_UNGUARDED_AVAILABILITY = YES_AGGRESSIVE;
				CLANG_WARN_UNREACHABLE_CODE = YES;
				CLANG_WARN__DUPLICATE_METHOD_MATCH = YES;
				COPY_PHASE_STRIP = NO;
				DEBUG_INFORMATION_FORMAT = "dwarf-with-dsym";
				ENABLE_NS_ASSERTIONS = NO;
				ENABLE_STRICT_OBJC_MSGSEND = YES;
				GCC_C_LANGUAGE_STANDARD = gnu11;
				GCC_NO_COMMON_BLOCKS = YES;
				GCC_WARN_64_TO_32_BIT_CONVERSION = YES;
				GCC_WARN_ABOUT_RETURN_TYPE = YES_ERROR;
				GCC_WARN_UNDECLARED_SELECTOR = YES;
				GCC_WARN_UNINITIALIZED_AUTOS = YES_AGGRESSIVE;
				GCC_WARN_UNUSED_FUNCTION = YES;
				GCC_WARN_UNUSED_VARIABLE = YES;
				IPHONEOS_DEPLOYMENT_TARGET = 16.1;
				MTL_ENABLE_DEBUG_INFO = NO;
				MTL_FAST_MATH = YES;
				SDKROOT = iphoneos;
				SWIFT_COMPILATION_MODE = wholemodule;
				SWIFT_OPTIMIZATION_LEVEL = "-O";
				VALIDATE_PRODUCT = YES;
			};
			name = Release;
		};
		6E663AC42A050C4800843F3D /* Debug */ = {
			isa = XCBuildConfiguration;
			buildSettings = {
				ASSETCATALOG_COMPILER_APPICON_NAME = AppIcon;
				ASSETCATALOG_COMPILER_GLOBAL_ACCENT_COLOR_NAME = AccentColor;
				CODE_SIGN_STYLE = Automatic;
				CURRENT_PROJECT_VERSION = 1;
				GENERATE_INFOPLIST_FILE = YES;
				INFOPLIST_FILE = schedule_app/Info.plist;
				INFOPLIST_KEY_UIApplicationSupportsIndirectInputEvents = YES;
				INFOPLIST_KEY_UILaunchStoryboardName = LaunchScreen;
				INFOPLIST_KEY_UISupportedInterfaceOrientations_iPad = "UIInterfaceOrientationPortrait UIInterfaceOrientationPortraitUpsideDown UIInterfaceOrientationLandscapeLeft UIInterfaceOrientationLandscapeRight";
				INFOPLIST_KEY_UISupportedInterfaceOrientations_iPhone = "UIInterfaceOrientationPortrait UIInterfaceOrientationLandscapeLeft UIInterfaceOrientationLandscapeRight";
				LD_RUNPATH_SEARCH_PATHS = (
					"$(inherited)",
					"@executable_path/Frameworks",
				);
				MARKETING_VERSION = 1.0;
				PRODUCT_BUNDLE_IDENTIFIER = "xyz.schedule-app";
				PRODUCT_NAME = "$(TARGET_NAME)";
				SWIFT_EMIT_LOC_STRINGS = YES;
				SWIFT_VERSION = 5.0;
				TARGETED_DEVICE_FAMILY = "1,2";
			};
			name = Debug;
		};
		6E663AC52A050C4800843F3D /* Release */ = {
			isa = XCBuildConfiguration;
			buildSettings = {
				ASSETCATALOG_COMPILER_APPICON_NAME = AppIcon;
				ASSETCATALOG_COMPILER_GLOBAL_ACCENT_COLOR_NAME = AccentColor;
				CODE_SIGN_STYLE = Automatic;
				CURRENT_PROJECT_VERSION = 1;
				GENERATE_INFOPLIST_FILE = YES;
				INFOPLIST_FILE = schedule_app/Info.plist;
				INFOPLIST_KEY_UIApplicationSupportsIndirectInputEvents = YES;
				INFOPLIST_KEY_UILaunchStoryboardName = LaunchScreen;
				INFOPLIST_KEY_UISupportedInterfaceOrientations_iPad = "UIInterfaceOrientationPortrait UIInterfaceOrientationPortraitUpsideDown UIInterfaceOrientationLandscapeLeft UIInterfaceOrientationLandscapeRight";
				INFOPLIST_KEY_UISupportedInterfaceOrientations_iPhone = "UIInterfaceOrientationPortrait UIInterfaceOrientationLandscapeLeft UIInterfaceOrientationLandscapeRight";
				LD_RUNPATH_SEARCH_PATHS = (
					"$(inherited)",
					"@executable_path/Frameworks",
				);
				MARKETING_VERSION = 1.0;
				PRODUCT_BUNDLE_IDENTIFIER = "xyz.schedule-app";
				PRODUCT_NAME = "$(TARGET_NAME)";
				SWIFT_EMIT_LOC_STRINGS = YES;
				SWIFT_VERSION = 5.0;
				TARGETED_DEVICE_FAMILY = "1,2";
			};
			name = Release;
		};
/* End XCBuildConfiguration section */

/* Begin XCConfigurationList section */
		6E663AA72A050C3F00843F3D /* Build configuration list for PBXProject "schedule_app" */ = {
			isa = XCConfigurationList;
			buildConfigurations = (
				6E663AC12A050C4800843F3D /* Debug */,
				6E663AC22A050C4800843F3D /* Release */,
			);
			defaultConfigurationIsVisible = 0;
			defaultConfigurationName = Release;
		};
		6E663AC32A050C4800843F3D /* Build configuration list for PBXNativeTarget "schedule_app" */ = {
			isa = XCConfigurationList;
			buildConfigurations = (
				6E663AC42A050C4800843F3D /* Debug */,
				6E663AC52A050C4800843F3D /* Release */,
			);
			defaultConfigurationIsVisible = 0;
			defaultConfigurationName = Release;
		};
/* End XCConfigurationList section */

/* Begin XCVersionGroup section */
		6E663AB82A050C3F00843F3D /* schedule_app.xcdatamodeld */ = {
			isa = XCVersionGroup;
			children = (
				6E663AB92A050C3F00843F3D /* schedule_app.xcdatamodel */,
			);
			currentVersion = 6E663AB92A050C3F00843F3D /* schedule_app.xcdatamodel */;
			path = schedule_app.xcdatamodeld;
			sourceTree = "<group>";
			versionGroupType = wrapper.xcdatamodel;
		};
/* End XCVersionGroup section */
	};
	rootObject = 6E663AA42A050C3F00843F3D /* Project object */;
}
